
Microsoft Visual Studio Solution File, Format Version 12.00
Project("{8BC9CEB8-8B4A-11D0-8D11-00A0C91BC942}") = "DoubleLinkedList", "DoubleLinkedList.vcxproj", "{8182405B-2309-46C0-B57D-498E463178DD}"
EndProject
Global
	GlobalSection(SolutionConfigurationPlatforms) = preSolution
		Debug|Win32 = Debug|Win32
		Debug|x64 = Debug|x64
		Release|Win32 = Release|Win32
		Release|x64 = Release|x64
	EndGlobalSection
	GlobalSection(ProjectConfigurationPlatforms) = postSolution
		{8182405B-2309-46C0-B57D-498E463178DD}.Debug|Win32.ActiveCfg = Debug|Win32
		{8182405B-2309-46C0-B57D-498E463178DD}.Debug|Win32.Build.0 = Debug|Win32
		{8182405B-2309-46C0-B57D-498E463178DD}.Debug|x64.ActiveCfg = Debug|x64
		{8182405B-2309-46C0-B57D-498E463178DD}.Debug|x64.Build.0 = Debug|x64
		{8182405B-2309-46C0-B57D-498E463178DD}.Release|Win32.ActiveCfg = Release|Win32
		{8182405B-2309-46C0-B57D-498E463178DD}.Release|Win32.Build.0 = Release|Win32
		{8182405B-2309-46C0-B57D-498E463178DD}.Release|x64.ActiveCfg = Release|x64
		{8182405B-2309-46C0-B57D-498E463178DD}.Release|x64.Build.0 = Release|x64
	EndGlobalSection
EndGlobal
